{
  "name": "ui",
  "version": "1.0.0",
  "lockfileVersion": 1,
  "requires": true,
  "dependencies": {
    "@openui5/sap.f": {
      "version": "1.60.1",
      "resolved": "https://registry.npmjs.org/@openui5/sap.f/-/sap.f-1.60.1.tgz",
      "integrity": "sha512-ysjSzhNsmwb5PdPcBucoKQUTKftMDuWZFTv/C8sHOWyK3mL6GWZ4jgnueNNGuS7buns0vPw9h2Dcnd+iKY0hug==",
      "requires": {
        "@openui5/sap.m": "1.60.1",
        "@openui5/sap.ui.core": "1.60.1"
      }
    },
    "@openui5/sap.m": {
      "version": "1.60.1",
      "resolved": "https://registry.npmjs.org/@openui5/sap.m/-/sap.m-1.60.1.tgz",
      "integrity": "sha512-I0ocWG61MRqHtRfF7Vuz0AyUeOl/A7aqxcjUlfIo/hnx1MSeMZmV+TPZ2L/+RcFH+H/VEx9iVDPY0MjVHwGAtQ==",
      "requires": {
        "@openui5/sap.ui.core": "1.60.1",
        "@openui5/sap.ui.unified": "1.60.1"
      }
    },
    "@openui5/sap.tnt": {
      "version": "1.60.1",
      "resolved": "https://registry.npmjs.org/@openui5/sap.tnt/-/sap.tnt-1.60.1.tgz",
      "integrity": "sha512-/SdjTZzExCY4nlgufmp8dSD6wE/b5ktdn/yBJCsq67S5FCcis58f6xudVyeW8A9KD7BS9aXyHhiJvpmcokg1OA==",
      "requires": {
        "@openui5/sap.m": "1.60.1",
        "@openui5/sap.ui.core": "1.60.1"
      }
    },
    "@openui5/sap.ui.codeeditor": {
      "version": "1.60.1",
      "resolved": "https://registry.npmjs.org/@openui5/sap.ui.codeeditor/-/sap.ui.codeeditor-1.60.1.tgz",
      "integrity": "sha512-n3oNMOjrQhbhID3Ya3RDPsI+t2weqEi6vQnwkyfCO75QIoi8TxMatcL+yY26vzUF1xguE1kG6ZyNGiCF2Jtg+w==",
      "requires": {
        "@openui5/sap.ui.core": "1.60.1"
      }
    },
    "@openui5/sap.ui.core": {
      "version": "1.60.1",
      "resolved": "https://registry.npmjs.org/@openui5/sap.ui.core/-/sap.ui.core-1.60.1.tgz",
      "integrity": "sha512-XgQOu9gKjMBmHMIgwEGXuDm/Hu9QiQ5bjUoY0zJbDmzlbQDjU6yW4VP+3jWZpXIXVrV+uGhsUMYZIZrtSB57gw=="
    },
    "@openui5/sap.ui.fl": {
      "version": "1.60.1",
      "resolved": "https://registry.npmjs.org/@openui5/sap.ui.fl/-/sap.ui.fl-1.60.1.tgz",
      "integrity": "sha512-RuyEhdMJL28JhVvcvTgtkEYduJgw3VDybbjNUiVN/lCj6ux8XLKBL1N4MiY4wCxzvYBN5tz0Ct6iw/BwCXUHyQ==",
      "requires": {
        "@openui5/sap.m": "1.60.1",
        "@openui5/sap.ui.core": "1.60.1"
      }
    },
    "@openui5/sap.ui.layout": {
      "version": "1.60.1",
      "resolved": "https://registry.npmjs.org/@openui5/sap.ui.layout/-/sap.ui.layout-1.60.1.tgz",
      "integrity": "sha512-BigtXVVmTFcnL3mIVqL3iUsF2leuYudmZ4G8Oa5Zb7NfYZCehNqE+PNY6tkYEFMiNgyTKLU6b6DPF8qjQtzEVQ==",
      "requires": {
        "@openui5/sap.ui.core": "1.60.1"
      }
    },
    "@openui5/sap.ui.support": {
      "version": "1.60.1",
      "resolved": "https://registry.npmjs.org/@openui5/sap.ui.support/-/sap.ui.support-1.60.1.tgz",
      "integrity": "sha512-pKAPoInkzg4grKXhDKxwOgIW4BIEIM+y2S1y/owB/HnsadW2LXnAcXJzLao/5OZDcR7U7P0GDqJAvdum/kubMw==",
      "requires": {
        "@openui5/sap.m": "1.60.1",
        "@openui5/sap.ui.codeeditor": "1.60.1",
        "@openui5/sap.ui.core": "1.60.1",
        "@openui5/sap.ui.fl": "1.60.1",
        "@openui5/sap.ui.layout": "1.60.1",
        "@openui5/themelib_sap_belize": "1.60.1"
      }
    },
    "@openui5/sap.ui.unified": {
      "version": "1.60.1",
      "resolved": "https://registry.npmjs.org/@openui5/sap.ui.unified/-/sap.ui.unified-1.60.1.tgz",
      "integrity": "sha512-u/jjYD8Kb5CJT/U1pdWmQatQPqI3s/913R3T71vUUfVA4jgTFNJorbdySyOTmGzzRxAcWHt7sTJmATTLCVB9uw==",
      "requires": {
        "@openui5/sap.ui.core": "1.60.1"
      }
    },
    "@openui5/themelib_sap_belize": {
      "version": "1.60.1",
      "resolved": "https://registry.npmjs.org/@openui5/themelib_sap_belize/-/themelib_sap_belize-1.60.1.tgz",
      "integrity": "sha512-ztFOblqv1mACUE3k6Li3CU2U5FUJJPYUDAfLD8mddq/nCqUTWoH36La+zOWrgjBAp8NoG3iqDe5SMAA+dKhMbg=="
    }
  }
}
